
Microsoft Visual Studio Solution File, Format Version 12.00
# Visual Studio Express 2012 for Windows Desktop
Project("{8BC9CEB8-8B4A-11D0-8D11-00A0C91BC942}") = "QuantumTranjectory", "QuantumTranjectory\QuantumTranjectory.vcxproj", "{96870A13-B6EE-4272-8C9D-C9CDAD2627CE}"
EndProject
Project("{8BC9CEB8-8B4A-11D0-8D11-00A0C91BC942}") = "QuantumTranjectoryParallel", "QuantumTranjectoryParallel\QuantumTranjectoryParallel.vcxproj", "{C020C2A2-1953-4AFC-8B87-2E195D08B1B5}"
EndProject
Project("{FAE04EC0-301F-11D3-BF4B-00C04F79EFBC}") = "Fitting", "Fitting\Fitting.csproj", "{5283A640-8D1B-4DFE-BE40-3926EE80451C}"
EndProject
Project("{8BC9CEB8-8B4A-11D0-8D11-00A0C91BC942}") = "QuantumTranjectoryParallel2", "QuantumTranjectoryParallel2\QuantumTranjectoryParallel2.vcxproj", "{E16E09BC-35C4-40DC-9885-3238838B9367}"
EndProject
Project("{FAE04EC0-301F-11D3-BF4B-00C04F79EFBC}") = "Histgram", "Histgram\Histgram.csproj", "{4CC564D0-B217-4CC7-9D38-E924505CB524}"
EndProject
Project("{8BC9CEB8-8B4A-11D0-8D11-00A0C91BC942}") = "QuantumTranjectoryParallel3", "QuantumTranjectoryParallel3\QuantumTranjectoryParallel3.vcxproj", "{44056323-BF7F-4E0F-B3EE-21B5BC1532DE}"
EndProject
Project("{8BC9CEB8-8B4A-11D0-8D11-00A0C91BC942}") = "QuantumTranjectoryParallelDirect", "QuantumTranjectoryParallelDirect\QuantumTranjectoryParallelDirect.vcxproj", "{99088C8B-7EC9-4508-A080-E413239789B0}"
EndProject
Project("{8BC9CEB8-8B4A-11D0-8D11-00A0C91BC942}") = "QuantumTranjectoryG2", "QuantumTranjectoryG2\QuantumTranjectoryG2.vcxproj", "{4E3641DD-DE7E-43EF-A6AF-BE33BEC68818}"
EndProject
Project("{8BC9CEB8-8B4A-11D0-8D11-00A0C91BC942}") = "TimeToG2", "TimeToG2\TimeToG2.vcxproj", "{82B2A527-0036-4972-B156-89026A7B834A}"
EndProject
Project("{8BC9CEB8-8B4A-11D0-8D11-00A0C91BC942}") = "CalcAverage", "CalcAverage\CalcAverage.vcxproj", "{52DCE610-C8E5-4B87-9730-E293B948E5C7}"
EndProject
Project("{8BC9CEB8-8B4A-11D0-8D11-00A0C91BC942}") = "FileGather", "FileGather\FileGather.vcxproj", "{E9500B26-F4F3-459B-ACDD-AF75310D72F4}"
EndProject
Project("{8BC9CEB8-8B4A-11D0-8D11-00A0C91BC942}") = "FileProd", "FileProd\FileProd.vcxproj", "{FE0DAAE4-6D55-4DC2-9E65-9E9C1EE28851}"
EndProject
Project("{8BC9CEB8-8B4A-11D0-8D11-00A0C91BC942}") = "TransCalc", "TransCalc\TransCalc.vcxproj", "{C37114D1-654F-45A8-B045-30789E3FB5F6}"
EndProject
Project("{8BC9CEB8-8B4A-11D0-8D11-00A0C91BC942}") = "EigenCalc", "EigenCalc\EigenCalc.vcxproj", "{1EF8864C-E60B-4688-BF13-FF4E34516CAB}"
EndProject
Global
	GlobalSection(SolutionConfigurationPlatforms) = preSolution
		Debug|Any CPU = Debug|Any CPU
		Debug|Mixed Platforms = Debug|Mixed Platforms
		Debug|Win32 = Debug|Win32
		Release|Any CPU = Release|Any CPU
		Release|Mixed Platforms = Release|Mixed Platforms
		Release|Win32 = Release|Win32
	EndGlobalSection
	GlobalSection(ProjectConfigurationPlatforms) = postSolution
		{96870A13-B6EE-4272-8C9D-C9CDAD2627CE}.Debug|Any CPU.ActiveCfg = Debug|Win32
		{96870A13-B6EE-4272-8C9D-C9CDAD2627CE}.Debug|Mixed Platforms.ActiveCfg = Debug|Win32
		{96870A13-B6EE-4272-8C9D-C9CDAD2627CE}.Debug|Mixed Platforms.Build.0 = Debug|Win32
		{96870A13-B6EE-4272-8C9D-C9CDAD2627CE}.Debug|Win32.ActiveCfg = Debug|Win32
		{96870A13-B6EE-4272-8C9D-C9CDAD2627CE}.Debug|Win32.Build.0 = Debug|Win32
		{96870A13-B6EE-4272-8C9D-C9CDAD2627CE}.Release|Any CPU.ActiveCfg = Release|Win32
		{96870A13-B6EE-4272-8C9D-C9CDAD2627CE}.Release|Mixed Platforms.ActiveCfg = Release|Win32
		{96870A13-B6EE-4272-8C9D-C9CDAD2627CE}.Release|Mixed Platforms.Build.0 = Release|Win32
		{96870A13-B6EE-4272-8C9D-C9CDAD2627CE}.Release|Win32.ActiveCfg = Release|Win32
		{96870A13-B6EE-4272-8C9D-C9CDAD2627CE}.Release|Win32.Build.0 = Release|Win32
		{C020C2A2-1953-4AFC-8B87-2E195D08B1B5}.Debug|Any CPU.ActiveCfg = Debug|Win32
		{C020C2A2-1953-4AFC-8B87-2E195D08B1B5}.Debug|Mixed Platforms.ActiveCfg = Debug|Win32
		{C020C2A2-1953-4AFC-8B87-2E195D08B1B5}.Debug|Mixed Platforms.Build.0 = Debug|Win32
		{C020C2A2-1953-4AFC-8B87-2E195D08B1B5}.Debug|Win32.ActiveCfg = Debug|Win32
		{C020C2A2-1953-4AFC-8B87-2E195D08B1B5}.Debug|Win32.Build.0 = Debug|Win32
		{C020C2A2-1953-4AFC-8B87-2E195D08B1B5}.Release|Any CPU.ActiveCfg = Release|Win32
		{C020C2A2-1953-4AFC-8B87-2E195D08B1B5}.Release|Mixed Platforms.ActiveCfg = Release|Win32
		{C020C2A2-1953-4AFC-8B87-2E195D08B1B5}.Release|Mixed Platforms.Build.0 = Release|Win32
		{C020C2A2-1953-4AFC-8B87-2E195D08B1B5}.Release|Win32.ActiveCfg = Release|Win32
		{C020C2A2-1953-4AFC-8B87-2E195D08B1B5}.Release|Win32.Build.0 = Release|Win32
		{5283A640-8D1B-4DFE-BE40-3926EE80451C}.Debug|Any CPU.ActiveCfg = Debug|Any CPU
		{5283A640-8D1B-4DFE-BE40-3926EE80451C}.Debug|Any CPU.Build.0 = Debug|Any CPU
		{5283A640-8D1B-4DFE-BE40-3926EE80451C}.Debug|Mixed Platforms.ActiveCfg = Debug|Any CPU
		{5283A640-8D1B-4DFE-BE40-3926EE80451C}.Debug|Mixed Platforms.Build.0 = Debug|Any CPU
		{5283A640-8D1B-4DFE-BE40-3926EE80451C}.Debug|Win32.ActiveCfg = Debug|Any CPU
		{5283A640-8D1B-4DFE-BE40-3926EE80451C}.Release|Any CPU.ActiveCfg = Release|Any CPU
		{5283A640-8D1B-4DFE-BE40-3926EE80451C}.Release|Any CPU.Build.0 = Release|Any CPU
		{5283A640-8D1B-4DFE-BE40-3926EE80451C}.Release|Mixed Platforms.ActiveCfg = Release|Any CPU
		{5283A640-8D1B-4DFE-BE40-3926EE80451C}.Release|Mixed Platforms.Build.0 = Release|Any CPU
		{5283A640-8D1B-4DFE-BE40-3926EE80451C}.Release|Win32.ActiveCfg = Release|Any CPU
		{E16E09BC-35C4-40DC-9885-3238838B9367}.Debug|Any CPU.ActiveCfg = Debug|Win32
		{E16E09BC-35C4-40DC-9885-3238838B9367}.Debug|Mixed Platforms.ActiveCfg = Debug|Win32
		{E16E09BC-35C4-40DC-9885-3238838B9367}.Debug|Mixed Platforms.Build.0 = Debug|Win32
		{E16E09BC-35C4-40DC-9885-3238838B9367}.Debug|Win32.ActiveCfg = Debug|Win32
		{E16E09BC-35C4-40DC-9885-3238838B9367}.Debug|Win32.Build.0 = Debug|Win32
		{E16E09BC-35C4-40DC-9885-3238838B9367}.Release|Any CPU.ActiveCfg = Release|Win32
		{E16E09BC-35C4-40DC-9885-3238838B9367}.Release|Mixed Platforms.ActiveCfg = Release|Win32
		{E16E09BC-35C4-40DC-9885-3238838B9367}.Release|Mixed Platforms.Build.0 = Release|Win32
		{E16E09BC-35C4-40DC-9885-3238838B9367}.Release|Win32.ActiveCfg = Release|Win32
		{E16E09BC-35C4-40DC-9885-3238838B9367}.Release|Win32.Build.0 = Release|Win32
		{4CC564D0-B217-4CC7-9D38-E924505CB524}.Debug|Any CPU.ActiveCfg = Debug|Any CPU
		{4CC564D0-B217-4CC7-9D38-E924505CB524}.Debug|Any CPU.Build.0 = Debug|Any CPU
		{4CC564D0-B217-4CC7-9D38-E924505CB524}.Debug|Mixed Platforms.ActiveCfg = Debug|Any CPU
		{4CC564D0-B217-4CC7-9D38-E924505CB524}.Debug|Mixed Platforms.Build.0 = Debug|Any CPU
		{4CC564D0-B217-4CC7-9D38-E924505CB524}.Debug|Win32.ActiveCfg = Debug|Any CPU
		{4CC564D0-B217-4CC7-9D38-E924505CB524}.Release|Any CPU.ActiveCfg = Release|Any CPU
		{4CC564D0-B217-4CC7-9D38-E924505CB524}.Release|Any CPU.Build.0 = Release|Any CPU
		{4CC564D0-B217-4CC7-9D38-E924505CB524}.Release|Mixed Platforms.ActiveCfg = Release|Any CPU
		{4CC564D0-B217-4CC7-9D38-E924505CB524}.Release|Mixed Platforms.Build.0 = Release|Any CPU
		{4CC564D0-B217-4CC7-9D38-E924505CB524}.Release|Win32.ActiveCfg = Release|Any CPU
		{44056323-BF7F-4E0F-B3EE-21B5BC1532DE}.Debug|Any CPU.ActiveCfg = Debug|Win32
		{44056323-BF7F-4E0F-B3EE-21B5BC1532DE}.Debug|Mixed Platforms.ActiveCfg = Debug|Win32
		{44056323-BF7F-4E0F-B3EE-21B5BC1532DE}.Debug|Mixed Platforms.Build.0 = Debug|Win32
		{44056323-BF7F-4E0F-B3EE-21B5BC1532DE}.Debug|Win32.ActiveCfg = Debug|Win32
		{44056323-BF7F-4E0F-B3EE-21B5BC1532DE}.Debug|Win32.Build.0 = Debug|Win32
		{44056323-BF7F-4E0F-B3EE-21B5BC1532DE}.Release|Any CPU.ActiveCfg = Release|Win32
		{44056323-BF7F-4E0F-B3EE-21B5BC1532DE}.Release|Mixed Platforms.ActiveCfg = Release|Win32
		{44056323-BF7F-4E0F-B3EE-21B5BC1532DE}.Release|Mixed Platforms.Build.0 = Release|Win32
		{44056323-BF7F-4E0F-B3EE-21B5BC1532DE}.Release|Win32.ActiveCfg = Release|Win32
		{44056323-BF7F-4E0F-B3EE-21B5BC1532DE}.Release|Win32.Build.0 = Release|Win32
		{99088C8B-7EC9-4508-A080-E413239789B0}.Debug|Any CPU.ActiveCfg = Debug|Win32
		{99088C8B-7EC9-4508-A080-E413239789B0}.Debug|Mixed Platforms.ActiveCfg = Debug|Win32
		{99088C8B-7EC9-4508-A080-E413239789B0}.Debug|Mixed Platforms.Build.0 = Debug|Win32
		{99088C8B-7EC9-4508-A080-E413239789B0}.Debug|Win32.ActiveCfg = Debug|Win32
		{99088C8B-7EC9-4508-A080-E413239789B0}.Debug|Win32.Build.0 = Debug|Win32
		{99088C8B-7EC9-4508-A080-E413239789B0}.Release|Any CPU.ActiveCfg = Release|Win32
		{99088C8B-7EC9-4508-A080-E413239789B0}.Release|Mixed Platforms.ActiveCfg = Release|Win32
		{99088C8B-7EC9-4508-A080-E413239789B0}.Release|Mixed Platforms.Build.0 = Release|Win32
		{99088C8B-7EC9-4508-A080-E413239789B0}.Release|Win32.ActiveCfg = Release|Win32
		{99088C8B-7EC9-4508-A080-E413239789B0}.Release|Win32.Build.0 = Release|Win32
		{4E3641DD-DE7E-43EF-A6AF-BE33BEC68818}.Debug|Any CPU.ActiveCfg = Debug|Win32
		{4E3641DD-DE7E-43EF-A6AF-BE33BEC68818}.Debug|Mixed Platforms.ActiveCfg = Debug|Win32
		{4E3641DD-DE7E-43EF-A6AF-BE33BEC68818}.Debug|Mixed Platforms.Build.0 = Debug|Win32
		{4E3641DD-DE7E-43EF-A6AF-BE33BEC68818}.Debug|Win32.ActiveCfg = Debug|Win32
		{4E3641DD-DE7E-43EF-A6AF-BE33BEC68818}.Debug|Win32.Build.0 = Debug|Win32
		{4E3641DD-DE7E-43EF-A6AF-BE33BEC68818}.Release|Any CPU.ActiveCfg = Release|Win32
		{4E3641DD-DE7E-43EF-A6AF-BE33BEC68818}.Release|Mixed Platforms.ActiveCfg = Release|Win32
		{4E3641DD-DE7E-43EF-A6AF-BE33BEC68818}.Release|Mixed Platforms.Build.0 = Release|Win32
		{4E3641DD-DE7E-43EF-A6AF-BE33BEC68818}.Release|Win32.ActiveCfg = Release|Win32
		{4E3641DD-DE7E-43EF-A6AF-BE33BEC68818}.Release|Win32.Build.0 = Release|Win32
		{82B2A527-0036-4972-B156-89026A7B834A}.Debug|Any CPU.ActiveCfg = Debug|Win32
		{82B2A527-0036-4972-B156-89026A7B834A}.Debug|Mixed Platforms.ActiveCfg = Debug|Win32
		{82B2A527-0036-4972-B156-89026A7B834A}.Debug|Mixed Platforms.Build.0 = Debug|Win32
		{82B2A527-0036-4972-B156-89026A7B834A}.Debug|Win32.ActiveCfg = Debug|Win32
		{82B2A527-0036-4972-B156-89026A7B834A}.Debug|Win32.Build.0 = Debug|Win32
		{82B2A527-0036-4972-B156-89026A7B834A}.Release|Any CPU.ActiveCfg = Release|Win32
		{82B2A527-0036-4972-B156-89026A7B834A}.Release|Mixed Platforms.ActiveCfg = Release|Win32
		{82B2A527-0036-4972-B156-89026A7B834A}.Release|Mixed Platforms.Build.0 = Release|Win32
		{82B2A527-0036-4972-B156-89026A7B834A}.Release|Win32.ActiveCfg = Release|Win32
		{82B2A527-0036-4972-B156-89026A7B834A}.Release|Win32.Build.0 = Release|Win32
		{52DCE610-C8E5-4B87-9730-E293B948E5C7}.Debug|Any CPU.ActiveCfg = Debug|Win32
		{52DCE610-C8E5-4B87-9730-E293B948E5C7}.Debug|Mixed Platforms.ActiveCfg = Debug|Win32
		{52DCE610-C8E5-4B87-9730-E293B948E5C7}.Debug|Mixed Platforms.Build.0 = Debug|Win32
		{52DCE610-C8E5-4B87-9730-E293B948E5C7}.Debug|Win32.ActiveCfg = Debug|Win32
		{52DCE610-C8E5-4B87-9730-E293B948E5C7}.Debug|Win32.Build.0 = Debug|Win32
		{52DCE610-C8E5-4B87-9730-E293B948E5C7}.Release|Any CPU.ActiveCfg = Release|Win32
		{52DCE610-C8E5-4B87-9730-E293B948E5C7}.Release|Mixed Platforms.ActiveCfg = Release|Win32
		{52DCE610-C8E5-4B87-9730-E293B948E5C7}.Release|Mixed Platforms.Build.0 = Release|Win32
		{52DCE610-C8E5-4B87-9730-E293B948E5C7}.Release|Win32.ActiveCfg = Release|Win32
		{52DCE610-C8E5-4B87-9730-E293B948E5C7}.Release|Win32.Build.0 = Release|Win32
		{E9500B26-F4F3-459B-ACDD-AF75310D72F4}.Debug|Any CPU.ActiveCfg = Debug|Win32
		{E9500B26-F4F3-459B-ACDD-AF75310D72F4}.Debug|Mixed Platforms.ActiveCfg = Debug|Win32
		{E9500B26-F4F3-459B-ACDD-AF75310D72F4}.Debug|Mixed Platforms.Build.0 = Debug|Win32
		{E9500B26-F4F3-459B-ACDD-AF75310D72F4}.Debug|Win32.ActiveCfg = Debug|Win32
		{E9500B26-F4F3-459B-ACDD-AF75310D72F4}.Debug|Win32.Build.0 = Debug|Win32
		{E9500B26-F4F3-459B-ACDD-AF75310D72F4}.Release|Any CPU.ActiveCfg = Release|Win32
		{E9500B26-F4F3-459B-ACDD-AF75310D72F4}.Release|Mixed Platforms.ActiveCfg = Release|Win32
		{E9500B26-F4F3-459B-ACDD-AF75310D72F4}.Release|Mixed Platforms.Build.0 = Release|Win32
		{E9500B26-F4F3-459B-ACDD-AF75310D72F4}.Release|Win32.ActiveCfg = Release|Win32
		{E9500B26-F4F3-459B-ACDD-AF75310D72F4}.Release|Win32.Build.0 = Release|Win32
		{FE0DAAE4-6D55-4DC2-9E65-9E9C1EE28851}.Debug|Any CPU.ActiveCfg = Debug|Win32
		{FE0DAAE4-6D55-4DC2-9E65-9E9C1EE28851}.Debug|Mixed Platforms.ActiveCfg = Debug|Win32
		{FE0DAAE4-6D55-4DC2-9E65-9E9C1EE28851}.Debug|Mixed Platforms.Build.0 = Debug|Win32
		{FE0DAAE4-6D55-4DC2-9E65-9E9C1EE28851}.Debug|Win32.ActiveCfg = Debug|Win32
		{FE0DAAE4-6D55-4DC2-9E65-9E9C1EE28851}.Debug|Win32.Build.0 = Debug|Win32
		{FE0DAAE4-6D55-4DC2-9E65-9E9C1EE28851}.Release|Any CPU.ActiveCfg = Release|Win32
		{FE0DAAE4-6D55-4DC2-9E65-9E9C1EE28851}.Release|Mixed Platforms.ActiveCfg = Release|Win32
		{FE0DAAE4-6D55-4DC2-9E65-9E9C1EE28851}.Release|Mixed Platforms.Build.0 = Release|Win32
		{FE0DAAE4-6D55-4DC2-9E65-9E9C1EE28851}.Release|Win32.ActiveCfg = Release|Win32
		{FE0DAAE4-6D55-4DC2-9E65-9E9C1EE28851}.Release|Win32.Build.0 = Release|Win32
		{C37114D1-654F-45A8-B045-30789E3FB5F6}.Debug|Any CPU.ActiveCfg = Debug|Win32
		{C37114D1-654F-45A8-B045-30789E3FB5F6}.Debug|Mixed Platforms.ActiveCfg = Debug|Win32
		{C37114D1-654F-45A8-B045-30789E3FB5F6}.Debug|Mixed Platforms.Build.0 = Debug|Win32
		{C37114D1-654F-45A8-B045-30789E3FB5F6}.Debug|Win32.ActiveCfg = Debug|Win32
		{C37114D1-654F-45A8-B045-30789E3FB5F6}.Debug|Win32.Build.0 = Debug|Win32
		{C37114D1-654F-45A8-B045-30789E3FB5F6}.Release|Any CPU.ActiveCfg = Release|Win32
		{C37114D1-654F-45A8-B045-30789E3FB5F6}.Release|Mixed Platforms.ActiveCfg = Release|Win32
		{C37114D1-654F-45A8-B045-30789E3FB5F6}.Release|Mixed Platforms.Build.0 = Release|Win32
		{C37114D1-654F-45A8-B045-30789E3FB5F6}.Release|Win32.ActiveCfg = Release|Win32
		{C37114D1-654F-45A8-B045-30789E3FB5F6}.Release|Win32.Build.0 = Release|Win32
		{1EF8864C-E60B-4688-BF13-FF4E34516CAB}.Debug|Any CPU.ActiveCfg = Debug|Win32
		{1EF8864C-E60B-4688-BF13-FF4E34516CAB}.Debug|Mixed Platforms.ActiveCfg = Debug|Win32
		{1EF8864C-E60B-4688-BF13-FF4E34516CAB}.Debug|Mixed Platforms.Build.0 = Debug|Win32
		{1EF8864C-E60B-4688-BF13-FF4E34516CAB}.Debug|Win32.ActiveCfg = Debug|Win32
		{1EF8864C-E60B-4688-BF13-FF4E34516CAB}.Debug|Win32.Build.0 = Debug|Win32
		{1EF8864C-E60B-4688-BF13-FF4E34516CAB}.Release|Any CPU.ActiveCfg = Release|Win32
		{1EF8864C-E60B-4688-BF13-FF4E34516CAB}.Release|Mixed Platforms.ActiveCfg = Release|Win32
		{1EF8864C-E60B-4688-BF13-FF4E34516CAB}.Release|Mixed Platforms.Build.0 = Release|Win32
		{1EF8864C-E60B-4688-BF13-FF4E34516CAB}.Release|Win32.ActiveCfg = Release|Win32
		{1EF8864C-E60B-4688-BF13-FF4E34516CAB}.Release|Win32.Build.0 = Release|Win32
	EndGlobalSection
	GlobalSection(SolutionProperties) = preSolution
		HideSolutionNode = FALSE
	EndGlobalSection
EndGlobal
